// !$*UTF8*$!
{
	archiveVersion = 1;
	classes = {
	};
	objectVersion = 50;
	objects = {

/* Begin PBXBuildFile section */
		353197DD2434581C00AC788B /* AppDelegate.swift in Sources */ = {isa = PBXBuildFile; fileRef = 353197DC2434581C00AC788B /* AppDelegate.swift */; };
		353197DF2434581C00AC788B /* SceneDelegate.swift in Sources */ = {isa = PBXBuildFile; fileRef = 353197DE2434581C00AC788B /* SceneDelegate.swift */; };
		353197E12434581C00AC788B /* ViewController.swift in Sources */ = {isa = PBXBuildFile; fileRef = 353197E02434581C00AC788B /* ViewController.swift */; };
		353197E42434581C00AC788B /* Main.storyboard in Resources */ = {isa = PBXBuildFile; fileRef = 353197E22434581C00AC788B /* Main.storyboard */; };
		353197E62434581D00AC788B /* Assets.xcassets in Resources */ = {isa = PBXBuildFile; fileRef = 353197E52434581D00AC788B /* Assets.xcassets */; };
		353197E92434581D00AC788B /* LaunchScreen.storyboard in Resources */ = {isa = PBXBuildFile; fileRef = 353197E72434581D00AC788B /* LaunchScreen.storyboard */; };
		353197F42434581E00AC788B /* RxSwiftTests.swift in Sources */ = {isa = PBXBuildFile; fileRef = 353197F32434581E00AC788B /* RxSwiftTests.swift */; };
		353197FF2434581E00AC788B /* RxSwiftUITests.swift in Sources */ = {isa = PBXBuildFile; fileRef = 353197FE2434581E00AC788B /* RxSwiftUITests.swift */; };
/* End PBXBuildFile section */

/* Begin PBXContainerItemProxy section */
		353197F02434581E00AC788B /* PBXContainerItemProxy */ = {
			isa = PBXContainerItemProxy;
			containerPortal = 353197D12434581C00AC788B /* Project object */;
			proxyType = 1;
			remoteGlobalIDString = 353197D82434581C00AC788B;
			remoteInfo = RxSwift;
		};
		353197FB2434581E00AC788B /* PBXContainerItemProxy */ = {
			isa = PBXContainerItemProxy;
			containerPortal = 353197D12434581C00AC788B /* Project object */;
			proxyType = 1;
			remoteGlobalIDString = 353197D82434581C00AC788B;
			remoteInfo = RxSwift;
		};
/* End PBXContainerItemProxy section */

/* Begin PBXFileReference section */
		353197D92434581C00AC788B /* RxSwift.app */ = {isa = PBXFileReference; explicitFileType = wrapper.application; includeInIndex = 0; path = RxSwift.app; sourceTree = BUILT_PRODUCTS_DIR; };
		353197DC2434581C00AC788B /* AppDelegate.swift */ = {isa = PBXFileReference; lastKnownFileType = sourcecode.swift; path = AppDelegate.swift; sourceTree = "<group>"; };
		353197DE2434581C00AC788B /* SceneDelegate.swift */ = {isa = PBXFileReference; lastKnownFileType = sourcecode.swift; path = SceneDelegate.swift; sourceTree = "<group>"; };
		353197E02434581C00AC788B /* ViewController.swift */ = {isa = PBXFileReference; lastKnownFileType = sourcecode.swift; path = ViewController.swift; sourceTree = "<group>"; };
		353197E32434581C00AC788B /* Base */ = {isa = PBXFileReference; lastKnownFileType = file.storyboard; name = Base; path = Base.lproj/Main.storyboard; sourceTree = "<group>"; };
		353197E52434581D00AC788B /* Assets.xcassets */ = {isa = PBXFileReference; lastKnownFileType = folder.assetcatalog; path = Assets.xcassets; sourceTree = "<group>"; };
		353197E82434581D00AC788B /* Base */ = {isa = PBXFileReference; lastKnownFileType = file.storyboard; name = Base; path = Base.lproj/LaunchScreen.storyboard; sourceTree = "<group>"; };
		353197EA2434581D00AC788B /* Info.plist */ = {isa = PBXFileReference; lastKnownFileType = text.plist.xml; path = Info.plist; sourceTree = "<group>"; };
		353197EF2434581E00AC788B /* RxSwiftTests.xctest */ = {isa = PBXFileReference; explicitFileType = wrapper.cfbundle; includeInIndex = 0; path = RxSwiftTests.xctest; sourceTree = BUILT_PRODUCTS_DIR; };
		353197F32434581E00AC788B /* RxSwiftTests.swift */ = {isa = PBXFileReference; lastKnownFileType = sourcecode.swift; path = RxSwiftTests.swift; sourceTree = "<group>"; };
		353197F52434581E00AC788B /* Info.plist */ = {isa = PBXFileReference; lastKnownFileType = text.plist.xml; path = Info.plist; sourceTree = "<group>"; };
		353197FA2434581E00AC788B /* RxSwiftUITests.xctest */ = {isa = PBXFileReference; explicitFileType = wrapper.cfbundle; includeInIndex = 0; path = RxSwiftUITests.xctest; sourceTree = BUILT_PRODUCTS_DIR; };
		353197FE2434581E00AC788B /* RxSwiftUITests.swift */ = {isa = PBXFileReference; lastKnownFileType = sourcecode.swift; path = RxSwiftUITests.swift; sourceTree = "<group>"; };
		353198002434581E00AC788B /* Info.plist */ = {isa = PBXFileReference; lastKnownFileType = text.plist.xml; path = Info.plist; sourceTree = "<group>"; };
/* End PBXFileReference section */

/* Begin PBXFrameworksBuildPhase section */
		353197D62434581C00AC788B /* Frameworks */ = {
			isa = PBXFrameworksBuildPhase;
			buildActionMask = 2147483647;
			files = (
			);
			runOnlyForDeploymentPostprocessing = 0;
		};
		353197EC2434581E00AC788B /* Frameworks */ = {
			isa = PBXFrameworksBuildPhase;
			buildActionMask = 2147483647;
			files = (
			);
			runOnlyForDeploymentPostprocessing = 0;
		};
		353197F72434581E00AC788B /* Frameworks */ = {
			isa = PBXFrameworksBuildPhase;
			buildActionMask = 2147483647;
			files = (
			);
			runOnlyForDeploymentPostprocessing = 0;
		};
/* End PBXFrameworksBuildPhase section */

/* Begin PBXGroup section */
		353197D02434581C00AC788B = {
			isa = PBXGroup;
			children = (
				353197DB2434581C00AC788B /* RxSwift */,
				353197F22434581E00AC788B /* RxSwiftTests */,
				353197FD2434581E00AC788B /* RxSwiftUITests */,
				353197DA2434581C00AC788B /* Products */,
			);
			sourceTree = "<group>";
		};
		353197DA2434581C00AC788B /* Products */ = {
			isa = PBXGroup;
			children = (
				353197D92434581C00AC788B /* RxSwift.app */,
				353197EF2434581E00AC788B /* RxSwiftTests.xctest */,
				353197FA2434581E00AC788B /* RxSwiftUITests.xctest */,
			);
			name = Products;
			sourceTree = "<group>";
		};
		353197DB2434581C00AC788B /* RxSwift */ = {
			isa = PBXGroup;
			children = (
				353197DC2434581C00AC788B /* AppDelegate.swift */,
				353197DE2434581C00AC788B /* SceneDelegate.swift */,
				353197E02434581C00AC788B /* ViewController.swift */,
				353197E22434581C00AC788B /* Main.storyboard */,
				353197E52434581D00AC788B /* Assets.xcassets */,
				353197E72434581D00AC788B /* LaunchScreen.storyboard */,
				353197EA2434581D00AC788B /* Info.plist */,
			);
			path = RxSwift;
			sourceTree = "<group>";
		};
		353197F22434581E00AC788B /* RxSwiftTests */ = {
			isa = PBXGroup;
			children = (
				353197F32434581E00AC788B /* RxSwiftTests.swift */,
				353197F52434581E00AC788B /* Info.plist */,
			);
			path = RxSwiftTests;
			sourceTree = "<group>";
		};
		353197FD2434581E00AC788B /* RxSwiftUITests */ = {
			isa = PBXGroup;
			children = (
				353197FE2434581E00AC788B /* RxSwiftUITests.swift */,
				353198002434581E00AC788B /* Info.plist */,
			);
			path = RxSwiftUITests;
			sourceTree = "<group>";
		};
/* End PBXGroup section */

/* Begin PBXNativeTarget section */
		353197D82434581C00AC788B /* RxSwift */ = {
			isa = PBXNativeTarget;
			buildConfigurationList = 353198032434581E00AC788B /* Build configuration list for PBXNativeTarget "RxSwift" */;
			buildPhases = (
				353197D52434581C00AC788B /* Sources */,
				353197D62434581C00AC788B /* Frameworks */,
				353197D72434581C00AC788B /* Resources */,
			);
			buildRules = (
			);
			dependencies = (
			);
			name = RxSwift;
			productName = RxSwift;
			productReference = 353197D92434581C00AC788B /* RxSwift.app */;
			productType = "com.apple.product-type.application";
		};
		353197EE2434581E00AC788B /* RxSwiftTests */ = {
			isa = PBXNativeTarget;
			buildConfigurationList = 353198062434581E00AC788B /* Build configuration list for PBXNativeTarget "RxSwiftTests" */;
			buildPhases = (
				353197EB2434581E00AC788B /* Sources */,
				353197EC2434581E00AC788B /* Frameworks */,
				353197ED2434581E00AC788B /* Resources */,
			);
			buildRules = (
			);
			dependencies = (
				353197F12434581E00AC788B /* PBXTargetDependency */,
			);
			name = RxSwiftTests;
			productName = RxSwiftTests;
			productReference = 353197EF2434581E00AC788B /* RxSwiftTests.xctest */;
			productType = "com.apple.product-type.bundle.unit-test";
		};
		353197F92434581E00AC788B /* RxSwiftUITests */ = {
			isa = PBXNativeTarget;
			buildConfigurationList = 353198092434581E00AC788B /* Build configuration list for PBXNativeTarget "RxSwiftUITests" */;
			buildPhases = (
				353197F62434581E00AC788B /* Sources */,
				353197F72434581E00AC788B /* Frameworks */,
				353197F82434581E00AC788B /* Resources */,
			);
			buildRules = (
			);
			dependencies = (
				353197FC2434581E00AC788B /* PBXTargetDependency */,
			);
			name = RxSwiftUITests;
			productName = RxSwiftUITests;
			productReference = 353197FA2434581E00AC788B /* RxSwiftUITests.xctest */;
			productType = "com.apple.product-type.bundle.ui-testing";
		};
/* End PBXNativeTarget section */

/* Begin PBXProject section */
		353197D12434581C00AC788B /* Project object */ = {
			isa = PBXProject;
			attributes = {
				LastSwiftUpdateCheck = 1130;
				LastUpgradeCheck = 1130;
				ORGANIZATIONNAME = XLsn0w;
				TargetAttributes = {
					353197D82434581C00AC788B = {
						CreatedOnToolsVersion = 11.3.1;
					};
					353197EE2434581E00AC788B = {
						CreatedOnToolsVersion = 11.3.1;
						TestTargetID = 353197D82434581C00AC788B;
					};
					353197F92434581E00AC788B = {
						CreatedOnToolsVersion = 11.3.1;
						TestTargetID = 353197D82434581C00AC788B;
					};
				};
			};
			buildConfigurationList = 353197D42434581C00AC788B /* Build configuration list for PBXProject "RxSwift" */;
			compatibilityVersion = "Xcode 9.3";
			developmentRegion = en;
			hasScannedForEncodings = 0;
			knownRegions = (
				en,
				Base,
			);
			mainGroup = 353197D02434581C00AC788B;
			productRefGroup = 353197DA2434581C00AC788B /* Products */;
			projectDirPath = "";
			projectRoot = "";
			targets = (
				353197D82434581C00AC788B /* RxSwift */,
				353197EE2434581E00AC788B /* RxSwiftTests */,
				353197F92434581E00AC788B /* RxSwiftUITests */,
			);
		};
/* End PBXProject section */

/* Begin PBXResourcesBuildPhase section */
		353197D72434581C00AC788B /* Resources */ = {
			isa = PBXResourcesBuildPhase;
			buildActionMask = 2147483647;
			files = (
				353197E92434581D00AC788B /* LaunchScreen.storyboard in Resources */,
				353197E62434581D00AC788B /* Assets.xcassets in Resources */,
				353197E42434581C00AC788B /* Main.storyboard in Resources */,
			);
			runOnlyForDeploymentPostprocessing = 0;
		};
		353197ED2434581E00AC788B /* Resources */ = {
			isa = PBXResourcesBuildPhase;
			buildActionMask = 2147483647;
			files = (
			);
			runOnlyForDeploymentPostprocessing = 0;
		};
		353197F82434581E00AC788B /* Resources */ = {
			isa = PBXResourcesBuildPhase;
			buildActionMask = 2147483647;
			files = (
			);
			runOnlyForDeploymentPostprocessing = 0;
		};
/* End PBXResourcesBuildPhase section */

/* Begin PBXSourcesBuildPhase section */
		353197D52434581C00AC788B /* Sources */ = {
			isa = PBXSourcesBuildPhase;
			buildActionMask = 2147483647;
			files = (
				353197E12434581C00AC788B /* ViewController.swift in Sources */,
				353197DD2434581C00AC788B /* AppDelegate.swift in Sources */,
				353197DF2434581C00AC788B /* SceneDelegate.swift in Sources */,
			);
			runOnlyForDeploymentPostprocessing = 0;
		};
		353197EB2434581E00AC788B /* Sources */ = {
			isa = PBXSourcesBuildPhase;
			buildActionMask = 2147483647;
			files = (
				353197F42434581E00AC788B /* RxSwiftTests.swift in Sources */,
			);
			runOnlyForDeploymentPostprocessing = 0;
		};
		353197F62434581E00AC788B /* Sources */ = {
			isa = PBXSourcesBuildPhase;
			buildActionMask = 2147483647;
			files = (
				353197FF2434581E00AC788B /* RxSwiftUITests.swift in Sources */,
			);
			runOnlyForDeploymentPostprocessing = 0;
		};
/* End PBXSourcesBuildPhase section */

/* Begin PBXTargetDependency section */
		353197F12434581E00AC788B /* PBXTargetDependency */ = {
			isa = PBXTargetDependency;
			target = 353197D82434581C00AC788B /* RxSwift */;
			targetProxy = 353197F02434581E00AC788B /* PBXContainerItemProxy */;
		};
		353197FC2434581E00AC788B /* PBXTargetDependency */ = {
			isa = PBXTargetDependency;
			target = 353197D82434581C00AC788B /* RxSwift */;
			targetProxy = 353197FB2434581E00AC788B /* PBXContainerItemProxy */;
		};
/* End PBXTargetDependency section */

/* Begin PBXVariantGroup section */
		353197E22434581C00AC788B /* Main.storyboard */ = {
			isa = PBXVariantGroup;
			children = (
				353197E32434581C00AC788B /* Base */,
			);
			name = Main.storyboard;
			sourceTree = "<group>";
		};
		353197E72434581D00AC788B /* LaunchScreen.storyboard */ = {
			isa = PBXVariantGroup;
			children = (
				353197E82434581D00AC788B /* Base */,
			);
			name = LaunchScreen.storyboard;
			sourceTree = "<group>";
		};
/* End PBXVariantGroup section */

/* Begin XCBuildConfiguration section */
		353198012434581E00AC788B /* Debug */ = {
			isa = XCBuildConfiguration;
			buildSettings = {
				ALWAYS_SEARCH_USER_PATHS = NO;
				CLANG_ANALYZER_NONNULL = YES;
				CLANG_ANALYZER_NUMBER_OBJECT_CONVERSION = YES_AGGRESSIVE;
				CLANG_CXX_LANGUAGE_STANDARD = "gnu++14";
				CLANG_CXX_LIBRARY = "libc++";
				CLANG_ENABLE_MODULES = YES;
				CLANG_ENABLE_OBJC_ARC = YES;
				CLANG_ENABLE_OBJC_WEAK = YES;
				CLANG_WARN_BLOCK_CAPTURE_AUTORELEASING = YES;
				CLANG_WARN_BOOL_CONVERSION = YES;
				CLANG_WARN_COMMA = YES;
				CLANG_WARN_CONSTANT_CONVERSION = YES;
				CLANG_WARN_DEPRECATED_OBJC_IMPLEMENTATIONS = YES;
				CLANG_WARN_DIRECT_OBJC_ISA_USAGE = YES_ERROR;
				CLANG_WARN_DOCUMENTATION_COMMENTS = YES;
				CLANG_WARN_EMPTY_BODY = YES;
				CLANG_WARN_ENUM_CONVERSION = YES;
				CLANG_WARN_INFINITE_RECURSION = YES;
				CLANG_WARN_INT_CONVERSION = YES;
				CLANG_WARN_NON_LITERAL_NULL_CONVERSION = YES;
				CLANG_WARN_OBJC_IMPLICIT_RETAIN_SELF = YES;
				CLANG_WARN_OBJC_LITERAL_CONVERSION = YES;
				CLANG_WARN_OBJC_ROOT_CLASS = YES_ERROR;
				CLANG_WARN_RANGE_LOOP_ANALYSIS = YES;
				CLANG_WARN_STRICT_PROTOTYPES = YES;
				CLANG_WARN_SUSPICIOUS_MOVE = YES;
				CLANG_WARN_UNGUARDED_AVAILABILITY = YES_AGGRESSIVE;
				CLANG_WARN_UNREACHABLE_CODE = YES;
				CLANG_WARN__DUPLICATE_METHOD_MATCH = YES;
				COPY_PHASE_STRIP = NO;
				DEBUG_INFORMATION_FORMAT = dwarf;
				ENABLE_STRICT_OBJC_MSGSEND = YES;
				ENABLE_TESTABILITY = YES;
				GCC_C_LANGUAGE_STANDARD = gnu11;
				GCC_DYNAMIC_NO_PIC = NO;
				GCC_NO_COMMON_BLOCKS = YES;
				GCC_OPTIMIZATION_LEVEL = 0;
				GCC_PREPROCESSOR_DEFINITIONS = (
					"DEBUG=1",
					"$(inherited)",
				);
				GCC_WARN_64_TO_32_BIT_CONVERSION = YES;
				GCC_WARN_ABOUT_RETURN_TYPE = YES_ERROR;
				GCC_WARN_UNDECLARED_SELECTOR = YES;
				GCC_WARN_UNINITIALIZED_AUTOS = YES_AGGRESSIVE;
				GCC_WARN_UNUSED_FUNCTION = YES;
				GCC_WARN_UNUSED_VARIABLE = YES;
				IPHONEOS_DEPLOYMENT_TARGET = 13.2;
				MTL_ENABLE_DEBUG_INFO = INCLUDE_SOURCE;
				MTL_FAST_MATH = YES;
				ONLY_ACTIVE_ARCH = YES;
				SDKROOT = iphoneos;
				SWIFT_ACTIVE_COMPILATION_CONDITIONS = DEBUG;
				SWIFT_OPTIMIZATION_LEVEL = "-Onone";
			};
			name = Debug;
		};
		353198022434581E00AC788B /* Release */ = {
			isa = XCBuildConfiguration;
			buildSettings = {
				ALWAYS_SEARCH_USER_PATHS = NO;
				CLANG_ANALYZER_NONNULL = YES;
				CLANG_ANALYZER_NUMBER_OBJECT_CONVERSION = YES_AGGRESSIVE;
				CLANG_CXX_LANGUAGE_STANDARD = "gnu++14";
				CLANG_CXX_LIBRARY = "libc++";
				CLANG_ENABLE_MODULES = YES;
				CLANG_ENABLE_OBJC_ARC = YES;
				CLANG_ENABLE_OBJC_WEAK = YES;
				CLANG_WARN_BLOCK_CAPTURE_AUTORELEASING = YES;
				CLANG_WARN_BOOL_CONVERSION = YES;
				CLANG_WARN_COMMA = YES;
				CLANG_WARN_CONSTANT_CONVERSION = YES;
				CLANG_WARN_DEPRECATED_OBJC_IMPLEMENTATIONS = YES;
				CLANG_WARN_DIRECT_OBJC_ISA_USAGE = YES_ERROR;
				CLANG_WARN_DOCUMENTATION_COMMENTS = YES;
				CLANG_WARN_EMPTY_BODY = YES;
				CLANG_WARN_ENUM_CONVERSION = YES;
				CLANG_WARN_INFINITE_RECURSION = YES;
				CLANG_WARN_INT_CONVERSION = YES;
				CLANG_WARN_NON_LITERAL_NULL_CONVERSION = YES;
				CLANG_WARN_OBJC_IMPLICIT_RETAIN_SELF = YES;
				CLANG_WARN_OBJC_LITERAL_CONVERSION = YES;
				CLANG_WARN_OBJC_ROOT_CLASS = YES_ERROR;
				CLANG_WARN_RANGE_LOOP_ANALYSIS = YES;
				CLANG_WARN_STRICT_PROTOTYPES = YES;
				CLANG_WARN_SUSPICIOUS_MOVE = YES;
				CLANG_WARN_UNGUARDED_AVAILABILITY = YES_AGGRESSIVE;
				CLANG_WARN_UNREACHABLE_CODE = YES;
				CLANG_WARN__DUPLICATE_METHOD_MATCH = YES;
				COPY_PHASE_STRIP = NO;
				DEBUG_INFORMATION_FORMAT = "dwarf-with-dsym";
				ENABLE_NS_ASSERTIONS = NO;
				ENABLE_STRICT_OBJC_MSGSEND = YES;
				GCC_C_LANGUAGE_STANDARD = gnu11;
				GCC_NO_COMMON_BLOCKS = YES;
				GCC_WARN_64_TO_32_BIT_CONVERSION = YES;
				GCC_WARN_ABOUT_RETURN_TYPE = YES_ERROR;
				GCC_WARN_UNDECLARED_SELECTOR = YES;
				GCC_WARN_UNINITIALIZED_AUTOS = YES_AGGRESSIVE;
				GCC_WARN_UNUSED_FUNCTION = YES;
				GCC_WARN_UNUSED_VARIABLE = YES;
				IPHONEOS_DEPLOYMENT_TARGET = 13.2;
				MTL_ENABLE_DEBUG_INFO = NO;
				MTL_FAST_MATH = YES;
				SDKROOT = iphoneos;
				SWIFT_COMPILATION_MODE = wholemodule;
				SWIFT_OPTIMIZATION_LEVEL = "-O";
				VALIDATE_PRODUCT = YES;
			};
			name = Release;
		};
		353198042434581E00AC788B /* Debug */ = {
			isa = XCBuildConfiguration;
			buildSettings = {
				ASSETCATALOG_COMPILER_APPICON_NAME = AppIcon;
				CODE_SIGN_STYLE = Automatic;
				INFOPLIST_FILE = RxSwift/Info.plist;
				LD_RUNPATH_SEARCH_PATHS = (
					"$(inherited)",
					"@executable_path/Frameworks",
				);
				PRODUCT_BUNDLE_IDENTIFIER = com.xlsn0w.RxSwift;
				PRODUCT_NAME = "$(TARGET_NAME)";
				SWIFT_VERSION = 5.0;
				TARGETED_DEVICE_FAMILY = "1,2";
			};
			name = Debug;
		};
		353198052434581E00AC788B /* Release */ = {
			isa = XCBuildConfiguration;
			buildSettings = {
				ASSETCATALOG_COMPILER_APPICON_NAME = AppIcon;
				CODE_SIGN_STYLE = Automatic;
				INFOPLIST_FILE = RxSwift/Info.plist;
				LD_RUNPATH_SEARCH_PATHS = (
					"$(inherited)",
					"@executable_path/Frameworks",
				);
				PRODUCT_BUNDLE_IDENTIFIER = com.xlsn0w.RxSwift;
				PRODUCT_NAME = "$(TARGET_NAME)";
				SWIFT_VERSION = 5.0;
				TARGETED_DEVICE_FAMILY = "1,2";
			};
			name = Release;
		};
		353198072434581E00AC788B /* Debug */ = {
			isa = XCBuildConfiguration;
			buildSettings = {
				ALWAYS_EMBED_SWIFT_STANDARD_LIBRARIES = YES;
				BUNDLE_LOADER = "$(TEST_HOST)";
				CODE_SIGN_STYLE = Automatic;
				INFOPLIST_FILE = RxSwiftTests/Info.plist;
				IPHONEOS_DEPLOYMENT_TARGET = 13.2;
				LD_RUNPATH_SEARCH_PATHS = (
					"$(inherited)",
					"@executable_path/Frameworks",
					"@loader_path/Frameworks",
				);
				PRODUCT_BUNDLE_IDENTIFIER = com.xlsn0w.RxSwiftTests;
				PRODUCT_NAME = "$(TARGET_NAME)";
				SWIFT_VERSION = 5.0;
				TARGETED_DEVICE_FAMILY = "1,2";
				TEST_HOST = "$(BUILT_PRODUCTS_DIR)/RxSwift.app/RxSwift";
			};
			name = Debug;
		};
		353198082434581E00AC788B /* Release */ = {
			isa = XCBuildConfiguration;
			buildSettings = {
				ALWAYS_EMBED_SWIFT_STANDARD_LIBRARIES = YES;
				BUNDLE_LOADER = "$(TEST_HOST)";
				CODE_SIGN_STYLE = Automatic;
				INFOPLIST_FILE = RxSwiftTests/Info.plist;
				IPHONEOS_DEPLOYMENT_TARGET = 13.2;
				LD_RUNPATH_SEARCH_PATHS = (
					"$(inherited)",
					"@executable_path/Frameworks",
					"@loader_path/Frameworks",
				);
				PRODUCT_BUNDLE_IDENTIFIER = com.xlsn0w.RxSwiftTests;
				PRODUCT_NAME = "$(TARGET_NAME)";
				SWIFT_VERSION = 5.0;
				TARGETED_DEVICE_FAMILY = "1,2";
				TEST_HOST = "$(BUILT_PRODUCTS_DIR)/RxSwift.app/RxSwift";
			};
			name = Release;
		};
		3531980A2434581E00AC788B /* Debug */ = {
			isa = XCBuildConfiguration;
			buildSettings = {
				ALWAYS_EMBED_SWIFT_STANDARD_LIBRARIES = YES;
				CODE_SIGN_STYLE = Automatic;
				INFOPLIST_FILE = RxSwiftUITests/Info.plist;
				LD_RUNPATH_SEARCH_PATHS = (
					"$(inherited)",
					"@executable_path/Frameworks",
					"@loader_path/Frameworks",
				);
				PRODUCT_BUNDLE_IDENTIFIER = com.xlsn0w.RxSwiftUITests;
				PRODUCT_NAME = "$(TARGET_NAME)";
				SWIFT_VERSION = 5.0;
				TARGETED_DEVICE_FAMILY = "1,2";
				TEST_TARGET_NAME = RxSwift;
			};
			name = Debug;
		};
		3531980B2434581E00AC788B /* Release */ = {
			isa = XCBuildConfiguration;
			buildSettings = {
				ALWAYS_EMBED_SWIFT_STANDARD_LIBRARIES = YES;
				CODE_SIGN_STYLE = Automatic;
				INFOPLIST_FILE = RxSwiftUITests/Info.plist;
				LD_RUNPATH_SEARCH_PATHS = (
					"$(inherited)",
					"@executable_path/Frameworks",
					"@loader_path/Frameworks",
				);
				PRODUCT_BUNDLE_IDENTIFIER = com.xlsn0w.RxSwiftUITests;
				PRODUCT_NAME = "$(TARGET_NAME)";
				SWIFT_VERSION = 5.0;
				TARGETED_DEVICE_FAMILY = "1,2";
				TEST_TARGET_NAME = RxSwift;
			};
			name = Release;
		};
/* End XCBuildConfiguration section */

/* Begin XCConfigurationList section */
		353197D42434581C00AC788B /* Build configuration list for PBXProject "RxSwift" */ = {
			isa = XCConfigurationList;
			buildConfigurations = (
				353198012434581E00AC788B /* Debug */,
				353198022434581E00AC788B /* Release */,
			);
			defaultConfigurationIsVisible = 0;
			defaultConfigurationName = Release;
		};
		353198032434581E00AC788B /* Build configuration list for PBXNativeTarget "RxSwift" */ = {
			isa = XCConfigurationList;
			buildConfigurations = (
				353198042434581E00AC788B /* Debug */,
				353198052434581E00AC788B /* Release */,
			);
			defaultConfigurationIsVisible = 0;
			defaultConfigurationName = Release;
		};
		353198062434581E00AC788B /* Build configuration list for PBXNativeTarget "RxSwiftTests" */ = {
			isa = XCConfigurationList;
			buildConfigurations = (
				353198072434581E00AC788B /* Debug */,
				353198082434581E00AC788B /* Release */,
			);
			defaultConfigurationIsVisible = 0;
			defaultConfigurationName = Release;
		};
		353198092434581E00AC788B /* Build configuration list for PBXNativeTarget "RxSwiftUITests" */ = {
			isa = XCConfigurationList;
			buildConfigurations = (
				3531980A2434581E00AC788B /* Debug */,
				3531980B2434581E00AC788B /* Release */,
			);
			defaultConfigurationIsVisible = 0;
			defaultConfigurationName = Release;
		};
/* End XCConfigurationList section */
	};
	rootObject = 353197D12434581C00AC788B /* Project object */;
}
