// !$*UTF8*$!
{
	archiveVersion = 1;
	classes = {
	};
	objectVersion = 50;
	objects = {

/* Begin PBXBuildFile section */
		3531981A2434583200AC788B /* AppDelegate.m in Sources */ = {isa = PBXBuildFile; fileRef = 353198192434583200AC788B /* AppDelegate.m */; };
		3531981D2434583200AC788B /* SceneDelegate.m in Sources */ = {isa = PBXBuildFile; fileRef = 3531981C2434583200AC788B /* SceneDelegate.m */; };
		353198202434583200AC788B /* ViewController.m in Sources */ = {isa = PBXBuildFile; fileRef = 3531981F2434583200AC788B /* ViewController.m */; };
		353198232434583200AC788B /* Main.storyboard in Resources */ = {isa = PBXBuildFile; fileRef = 353198212434583200AC788B /* Main.storyboard */; };
		353198252434583300AC788B /* Assets.xcassets in Resources */ = {isa = PBXBuildFile; fileRef = 353198242434583300AC788B /* Assets.xcassets */; };
		353198282434583300AC788B /* LaunchScreen.storyboard in Resources */ = {isa = PBXBuildFile; fileRef = 353198262434583300AC788B /* LaunchScreen.storyboard */; };
		3531982B2434583300AC788B /* main.m in Sources */ = {isa = PBXBuildFile; fileRef = 3531982A2434583300AC788B /* main.m */; };
		353198352434583400AC788B /* RACTests.m in Sources */ = {isa = PBXBuildFile; fileRef = 353198342434583400AC788B /* RACTests.m */; };
		353198402434583400AC788B /* RACUITests.m in Sources */ = {isa = PBXBuildFile; fileRef = 3531983F2434583400AC788B /* RACUITests.m */; };
		E8F76A70B4880E43D088F9FC /* Pods_RAC.framework in Frameworks */ = {isa = PBXBuildFile; fileRef = DEF6CB092E1EF527CB61AD2D /* Pods_RAC.framework */; };
/* End PBXBuildFile section */

/* Begin PBXContainerItemProxy section */
		353198312434583400AC788B /* PBXContainerItemProxy */ = {
			isa = PBXContainerItemProxy;
			containerPortal = 3531980D2434583200AC788B /* Project object */;
			proxyType = 1;
			remoteGlobalIDString = 353198142434583200AC788B;
			remoteInfo = RAC;
		};
		3531983C2434583400AC788B /* PBXContainerItemProxy */ = {
			isa = PBXContainerItemProxy;
			containerPortal = 3531980D2434583200AC788B /* Project object */;
			proxyType = 1;
			remoteGlobalIDString = 353198142434583200AC788B;
			remoteInfo = RAC;
		};
/* End PBXContainerItemProxy section */

/* Begin PBXFileReference section */
		10A8C686DDCA87362A449C1C /* Pods-RAC.debug.xcconfig */ = {isa = PBXFileReference; includeInIndex = 1; lastKnownFileType = text.xcconfig; name = "Pods-RAC.debug.xcconfig"; path = "Target Support Files/Pods-RAC/Pods-RAC.debug.xcconfig"; sourceTree = "<group>"; };
		353198152434583200AC788B /* RAC.app */ = {isa = PBXFileReference; explicitFileType = wrapper.application; includeInIndex = 0; path = RAC.app; sourceTree = BUILT_PRODUCTS_DIR; };
		353198182434583200AC788B /* AppDelegate.h */ = {isa = PBXFileReference; lastKnownFileType = sourcecode.c.h; path = AppDelegate.h; sourceTree = "<group>"; };
		353198192434583200AC788B /* AppDelegate.m */ = {isa = PBXFileReference; lastKnownFileType = sourcecode.c.objc; path = AppDelegate.m; sourceTree = "<group>"; };
		3531981B2434583200AC788B /* SceneDelegate.h */ = {isa = PBXFileReference; lastKnownFileType = sourcecode.c.h; path = SceneDelegate.h; sourceTree = "<group>"; };
		3531981C2434583200AC788B /* SceneDelegate.m */ = {isa = PBXFileReference; lastKnownFileType = sourcecode.c.objc; path = SceneDelegate.m; sourceTree = "<group>"; };
		3531981E2434583200AC788B /* ViewController.h */ = {isa = PBXFileReference; lastKnownFileType = sourcecode.c.h; path = ViewController.h; sourceTree = "<group>"; };
		3531981F2434583200AC788B /* ViewController.m */ = {isa = PBXFileReference; lastKnownFileType = sourcecode.c.objc; path = ViewController.m; sourceTree = "<group>"; };
		353198222434583200AC788B /* Base */ = {isa = PBXFileReference; lastKnownFileType = file.storyboard; name = Base; path = Base.lproj/Main.storyboard; sourceTree = "<group>"; };
		353198242434583300AC788B /* Assets.xcassets */ = {isa = PBXFileReference; lastKnownFileType = folder.assetcatalog; path = Assets.xcassets; sourceTree = "<group>"; };
		353198272434583300AC788B /* Base */ = {isa = PBXFileReference; lastKnownFileType = file.storyboard; name = Base; path = Base.lproj/LaunchScreen.storyboard; sourceTree = "<group>"; };
		353198292434583300AC788B /* Info.plist */ = {isa = PBXFileReference; lastKnownFileType = text.plist.xml; path = Info.plist; sourceTree = "<group>"; };
		3531982A2434583300AC788B /* main.m */ = {isa = PBXFileReference; lastKnownFileType = sourcecode.c.objc; path = main.m; sourceTree = "<group>"; };
		353198302434583400AC788B /* RACTests.xctest */ = {isa = PBXFileReference; explicitFileType = wrapper.cfbundle; includeInIndex = 0; path = RACTests.xctest; sourceTree = BUILT_PRODUCTS_DIR; };
		353198342434583400AC788B /* RACTests.m */ = {isa = PBXFileReference; lastKnownFileType = sourcecode.c.objc; path = RACTests.m; sourceTree = "<group>"; };
		353198362434583400AC788B /* Info.plist */ = {isa = PBXFileReference; lastKnownFileType = text.plist.xml; path = Info.plist; sourceTree = "<group>"; };
		3531983B2434583400AC788B /* RACUITests.xctest */ = {isa = PBXFileReference; explicitFileType = wrapper.cfbundle; includeInIndex = 0; path = RACUITests.xctest; sourceTree = BUILT_PRODUCTS_DIR; };
		3531983F2434583400AC788B /* RACUITests.m */ = {isa = PBXFileReference; lastKnownFileType = sourcecode.c.objc; path = RACUITests.m; sourceTree = "<group>"; };
		353198412434583400AC788B /* Info.plist */ = {isa = PBXFileReference; lastKnownFileType = text.plist.xml; path = Info.plist; sourceTree = "<group>"; };
		9051950455570CBBA25C43C6 /* Pods-RAC.release.xcconfig */ = {isa = PBXFileReference; includeInIndex = 1; lastKnownFileType = text.xcconfig; name = "Pods-RAC.release.xcconfig"; path = "Target Support Files/Pods-RAC/Pods-RAC.release.xcconfig"; sourceTree = "<group>"; };
		DEF6CB092E1EF527CB61AD2D /* Pods_RAC.framework */ = {isa = PBXFileReference; explicitFileType = wrapper.framework; includeInIndex = 0; path = Pods_RAC.framework; sourceTree = BUILT_PRODUCTS_DIR; };
/* End PBXFileReference section */

/* Begin PBXFrameworksBuildPhase section */
		353198122434583200AC788B /* Frameworks */ = {
			isa = PBXFrameworksBuildPhase;
			buildActionMask = 2147483647;
			files = (
				E8F76A70B4880E43D088F9FC /* Pods_RAC.framework in Frameworks */,
			);
			runOnlyForDeploymentPostprocessing = 0;
		};
		3531982D2434583400AC788B /* Frameworks */ = {
			isa = PBXFrameworksBuildPhase;
			buildActionMask = 2147483647;
			files = (
			);
			runOnlyForDeploymentPostprocessing = 0;
		};
		353198382434583400AC788B /* Frameworks */ = {
			isa = PBXFrameworksBuildPhase;
			buildActionMask = 2147483647;
			files = (
			);
			runOnlyForDeploymentPostprocessing = 0;
		};
/* End PBXFrameworksBuildPhase section */

/* Begin PBXGroup section */
		3531980C2434583200AC788B = {
			isa = PBXGroup;
			children = (
				353198172434583200AC788B /* RAC */,
				353198332434583400AC788B /* RACTests */,
				3531983E2434583400AC788B /* RACUITests */,
				353198162434583200AC788B /* Products */,
				4D303594D3BBADE264DD9A50 /* Pods */,
				EFFDB9739B70EB9F442D4D89 /* Frameworks */,
			);
			sourceTree = "<group>";
		};
		353198162434583200AC788B /* Products */ = {
			isa = PBXGroup;
			children = (
				353198152434583200AC788B /* RAC.app */,
				353198302434583400AC788B /* RACTests.xctest */,
				3531983B2434583400AC788B /* RACUITests.xctest */,
			);
			name = Products;
			sourceTree = "<group>";
		};
		353198172434583200AC788B /* RAC */ = {
			isa = PBXGroup;
			children = (
				353198182434583200AC788B /* AppDelegate.h */,
				353198192434583200AC788B /* AppDelegate.m */,
				3531981B2434583200AC788B /* SceneDelegate.h */,
				3531981C2434583200AC788B /* SceneDelegate.m */,
				3531981E2434583200AC788B /* ViewController.h */,
				3531981F2434583200AC788B /* ViewController.m */,
				353198212434583200AC788B /* Main.storyboard */,
				353198242434583300AC788B /* Assets.xcassets */,
				353198262434583300AC788B /* LaunchScreen.storyboard */,
				353198292434583300AC788B /* Info.plist */,
				3531982A2434583300AC788B /* main.m */,
			);
			path = RAC;
			sourceTree = "<group>";
		};
		353198332434583400AC788B /* RACTests */ = {
			isa = PBXGroup;
			children = (
				353198342434583400AC788B /* RACTests.m */,
				353198362434583400AC788B /* Info.plist */,
			);
			path = RACTests;
			sourceTree = "<group>";
		};
		3531983E2434583400AC788B /* RACUITests */ = {
			isa = PBXGroup;
			children = (
				3531983F2434583400AC788B /* RACUITests.m */,
				353198412434583400AC788B /* Info.plist */,
			);
			path = RACUITests;
			sourceTree = "<group>";
		};
		4D303594D3BBADE264DD9A50 /* Pods */ = {
			isa = PBXGroup;
			children = (
				10A8C686DDCA87362A449C1C /* Pods-RAC.debug.xcconfig */,
				9051950455570CBBA25C43C6 /* Pods-RAC.release.xcconfig */,
			);
			name = Pods;
			path = Pods;
			sourceTree = "<group>";
		};
		EFFDB9739B70EB9F442D4D89 /* Frameworks */ = {
			isa = PBXGroup;
			children = (
				DEF6CB092E1EF527CB61AD2D /* Pods_RAC.framework */,
			);
			name = Frameworks;
			sourceTree = "<group>";
		};
/* End PBXGroup section */

/* Begin PBXNativeTarget section */
		353198142434583200AC788B /* RAC */ = {
			isa = PBXNativeTarget;
			buildConfigurationList = 353198442434583400AC788B /* Build configuration list for PBXNativeTarget "RAC" */;
			buildPhases = (
				2E5489C6B57CEA2F5913FC61 /* [CP] Check Pods Manifest.lock */,
				353198112434583200AC788B /* Sources */,
				353198122434583200AC788B /* Frameworks */,
				353198132434583200AC788B /* Resources */,
				A933C9AC8497095F8480B0E2 /* [CP] Embed Pods Frameworks */,
			);
			buildRules = (
			);
			dependencies = (
			);
			name = RAC;
			productName = RAC;
			productReference = 353198152434583200AC788B /* RAC.app */;
			productType = "com.apple.product-type.application";
		};
		3531982F2434583400AC788B /* RACTests */ = {
			isa = PBXNativeTarget;
			buildConfigurationList = 353198472434583400AC788B /* Build configuration list for PBXNativeTarget "RACTests" */;
			buildPhases = (
				3531982C2434583400AC788B /* Sources */,
				3531982D2434583400AC788B /* Frameworks */,
				3531982E2434583400AC788B /* Resources */,
			);
			buildRules = (
			);
			dependencies = (
				353198322434583400AC788B /* PBXTargetDependency */,
			);
			name = RACTests;
			productName = RACTests;
			productReference = 353198302434583400AC788B /* RACTests.xctest */;
			productType = "com.apple.product-type.bundle.unit-test";
		};
		3531983A2434583400AC788B /* RACUITests */ = {
			isa = PBXNativeTarget;
			buildConfigurationList = 3531984A2434583400AC788B /* Build configuration list for PBXNativeTarget "RACUITests" */;
			buildPhases = (
				353198372434583400AC788B /* Sources */,
				353198382434583400AC788B /* Frameworks */,
				353198392434583400AC788B /* Resources */,
			);
			buildRules = (
			);
			dependencies = (
				3531983D2434583400AC788B /* PBXTargetDependency */,
			);
			name = RACUITests;
			productName = RACUITests;
			productReference = 3531983B2434583400AC788B /* RACUITests.xctest */;
			productType = "com.apple.product-type.bundle.ui-testing";
		};
/* End PBXNativeTarget section */

/* Begin PBXProject section */
		3531980D2434583200AC788B /* Project object */ = {
			isa = PBXProject;
			attributes = {
				LastUpgradeCheck = 1130;
				ORGANIZATIONNAME = XLsn0w;
				TargetAttributes = {
					353198142434583200AC788B = {
						CreatedOnToolsVersion = 11.3.1;
					};
					3531982F2434583400AC788B = {
						CreatedOnToolsVersion = 11.3.1;
						TestTargetID = 353198142434583200AC788B;
					};
					3531983A2434583400AC788B = {
						CreatedOnToolsVersion = 11.3.1;
						TestTargetID = 353198142434583200AC788B;
					};
				};
			};
			buildConfigurationList = 353198102434583200AC788B /* Build configuration list for PBXProject "RAC" */;
			compatibilityVersion = "Xcode 9.3";
			developmentRegion = en;
			hasScannedForEncodings = 0;
			knownRegions = (
				en,
				Base,
			);
			mainGroup = 3531980C2434583200AC788B;
			productRefGroup = 353198162434583200AC788B /* Products */;
			projectDirPath = "";
			projectRoot = "";
			targets = (
				353198142434583200AC788B /* RAC */,
				3531982F2434583400AC788B /* RACTests */,
				3531983A2434583400AC788B /* RACUITests */,
			);
		};
/* End PBXProject section */

/* Begin PBXResourcesBuildPhase section */
		353198132434583200AC788B /* Resources */ = {
			isa = PBXResourcesBuildPhase;
			buildActionMask = 2147483647;
			files = (
				353198282434583300AC788B /* LaunchScreen.storyboard in Resources */,
				353198252434583300AC788B /* Assets.xcassets in Resources */,
				353198232434583200AC788B /* Main.storyboard in Resources */,
			);
			runOnlyForDeploymentPostprocessing = 0;
		};
		3531982E2434583400AC788B /* Resources */ = {
			isa = PBXResourcesBuildPhase;
			buildActionMask = 2147483647;
			files = (
			);
			runOnlyForDeploymentPostprocessing = 0;
		};
		353198392434583400AC788B /* Resources */ = {
			isa = PBXResourcesBuildPhase;
			buildActionMask = 2147483647;
			files = (
			);
			runOnlyForDeploymentPostprocessing = 0;
		};
/* End PBXResourcesBuildPhase section */

/* Begin PBXShellScriptBuildPhase section */
		2E5489C6B57CEA2F5913FC61 /* [CP] Check Pods Manifest.lock */ = {
			isa = PBXShellScriptBuildPhase;
			buildActionMask = 2147483647;
			files = (
			);
			inputFileListPaths = (
			);
			inputPaths = (
				"${PODS_PODFILE_DIR_PATH}/Podfile.lock",
				"${PODS_ROOT}/Manifest.lock",
			);
			name = "[CP] Check Pods Manifest.lock";
			outputFileListPaths = (
			);
			outputPaths = (
				"$(DERIVED_FILE_DIR)/Pods-RAC-checkManifestLockResult.txt",
			);
			runOnlyForDeploymentPostprocessing = 0;
			shellPath = /bin/sh;
			shellScript = "diff \"${PODS_PODFILE_DIR_PATH}/Podfile.lock\" \"${PODS_ROOT}/Manifest.lock\" > /dev/null\nif [ $? != 0 ] ; then\n    # print error to STDERR\n    echo \"error: The sandbox is not in sync with the Podfile.lock. Run 'pod install' or update your CocoaPods installation.\" >&2\n    exit 1\nfi\n# This output is used by Xcode 'outputs' to avoid re-running this script phase.\necho \"SUCCESS\" > \"${SCRIPT_OUTPUT_FILE_0}\"\n";
			showEnvVarsInLog = 0;
		};
		A933C9AC8497095F8480B0E2 /* [CP] Embed Pods Frameworks */ = {
			isa = PBXShellScriptBuildPhase;
			buildActionMask = 2147483647;
			files = (
			);
			inputFileListPaths = (
				"${PODS_ROOT}/Target Support Files/Pods-RAC/Pods-RAC-frameworks-${CONFIGURATION}-input-files.xcfilelist",
			);
			name = "[CP] Embed Pods Frameworks";
			outputFileListPaths = (
				"${PODS_ROOT}/Target Support Files/Pods-RAC/Pods-RAC-frameworks-${CONFIGURATION}-output-files.xcfilelist",
			);
			runOnlyForDeploymentPostprocessing = 0;
			shellPath = /bin/sh;
			shellScript = "\"${PODS_ROOT}/Target Support Files/Pods-RAC/Pods-RAC-frameworks.sh\"\n";
			showEnvVarsInLog = 0;
		};
/* End PBXShellScriptBuildPhase section */

/* Begin PBXSourcesBuildPhase section */
		353198112434583200AC788B /* Sources */ = {
			isa = PBXSourcesBuildPhase;
			buildActionMask = 2147483647;
			files = (
				353198202434583200AC788B /* ViewController.m in Sources */,
				3531981A2434583200AC788B /* AppDelegate.m in Sources */,
				3531982B2434583300AC788B /* main.m in Sources */,
				3531981D2434583200AC788B /* SceneDelegate.m in Sources */,
			);
			runOnlyForDeploymentPostprocessing = 0;
		};
		3531982C2434583400AC788B /* Sources */ = {
			isa = PBXSourcesBuildPhase;
			buildActionMask = 2147483647;
			files = (
				353198352434583400AC788B /* RACTests.m in Sources */,
			);
			runOnlyForDeploymentPostprocessing = 0;
		};
		353198372434583400AC788B /* Sources */ = {
			isa = PBXSourcesBuildPhase;
			buildActionMask = 2147483647;
			files = (
				353198402434583400AC788B /* RACUITests.m in Sources */,
			);
			runOnlyForDeploymentPostprocessing = 0;
		};
/* End PBXSourcesBuildPhase section */

/* Begin PBXTargetDependency section */
		353198322434583400AC788B /* PBXTargetDependency */ = {
			isa = PBXTargetDependency;
			target = 353198142434583200AC788B /* RAC */;
			targetProxy = 353198312434583400AC788B /* PBXContainerItemProxy */;
		};
		3531983D2434583400AC788B /* PBXTargetDependency */ = {
			isa = PBXTargetDependency;
			target = 353198142434583200AC788B /* RAC */;
			targetProxy = 3531983C2434583400AC788B /* PBXContainerItemProxy */;
		};
/* End PBXTargetDependency section */

/* Begin PBXVariantGroup section */
		353198212434583200AC788B /* Main.storyboard */ = {
			isa = PBXVariantGroup;
			children = (
				353198222434583200AC788B /* Base */,
			);
			name = Main.storyboard;
			sourceTree = "<group>";
		};
		353198262434583300AC788B /* LaunchScreen.storyboard */ = {
			isa = PBXVariantGroup;
			children = (
				353198272434583300AC788B /* Base */,
			);
			name = LaunchScreen.storyboard;
			sourceTree = "<group>";
		};
/* End PBXVariantGroup section */

/* Begin XCBuildConfiguration section */
		353198422434583400AC788B /* Debug */ = {
			isa = XCBuildConfiguration;
			buildSettings = {
				ALWAYS_SEARCH_USER_PATHS = NO;
				CLANG_ANALYZER_NONNULL = YES;
				CLANG_ANALYZER_NUMBER_OBJECT_CONVERSION = YES_AGGRESSIVE;
				CLANG_CXX_LANGUAGE_STANDARD = "gnu++14";
				CLANG_CXX_LIBRARY = "libc++";
				CLANG_ENABLE_MODULES = YES;
				CLANG_ENABLE_OBJC_ARC = YES;
				CLANG_ENABLE_OBJC_WEAK = YES;
				CLANG_WARN_BLOCK_CAPTURE_AUTORELEASING = YES;
				CLANG_WARN_BOOL_CONVERSION = YES;
				CLANG_WARN_COMMA = YES;
				CLANG_WARN_CONSTANT_CONVERSION = YES;
				CLANG_WARN_DEPRECATED_OBJC_IMPLEMENTATIONS = YES;
				CLANG_WARN_DIRECT_OBJC_ISA_USAGE = YES_ERROR;
				CLANG_WARN_DOCUMENTATION_COMMENTS = YES;
				CLANG_WARN_EMPTY_BODY = YES;
				CLANG_WARN_ENUM_CONVERSION = YES;
				CLANG_WARN_INFINITE_RECURSION = YES;
				CLANG_WARN_INT_CONVERSION = YES;
				CLANG_WARN_NON_LITERAL_NULL_CONVERSION = YES;
				CLANG_WARN_OBJC_IMPLICIT_RETAIN_SELF = YES;
				CLANG_WARN_OBJC_LITERAL_CONVERSION = YES;
				CLANG_WARN_OBJC_ROOT_CLASS = YES_ERROR;
				CLANG_WARN_RANGE_LOOP_ANALYSIS = YES;
				CLANG_WARN_STRICT_PROTOTYPES = YES;
				CLANG_WARN_SUSPICIOUS_MOVE = YES;
				CLANG_WARN_UNGUARDED_AVAILABILITY = YES_AGGRESSIVE;
				CLANG_WARN_UNREACHABLE_CODE = YES;
				CLANG_WARN__DUPLICATE_METHOD_MATCH = YES;
				COPY_PHASE_STRIP = NO;
				DEBUG_INFORMATION_FORMAT = dwarf;
				ENABLE_STRICT_OBJC_MSGSEND = YES;
				ENABLE_TESTABILITY = YES;
				GCC_C_LANGUAGE_STANDARD = gnu11;
				GCC_DYNAMIC_NO_PIC = NO;
				GCC_NO_COMMON_BLOCKS = YES;
				GCC_OPTIMIZATION_LEVEL = 0;
				GCC_PREPROCESSOR_DEFINITIONS = (
					"DEBUG=1",
					"$(inherited)",
				);
				GCC_WARN_64_TO_32_BIT_CONVERSION = YES;
				GCC_WARN_ABOUT_RETURN_TYPE = YES_ERROR;
				GCC_WARN_UNDECLARED_SELECTOR = YES;
				GCC_WARN_UNINITIALIZED_AUTOS = YES_AGGRESSIVE;
				GCC_WARN_UNUSED_FUNCTION = YES;
				GCC_WARN_UNUSED_VARIABLE = YES;
				IPHONEOS_DEPLOYMENT_TARGET = 13.2;
				MTL_ENABLE_DEBUG_INFO = INCLUDE_SOURCE;
				MTL_FAST_MATH = YES;
				ONLY_ACTIVE_ARCH = YES;
				SDKROOT = iphoneos;
			};
			name = Debug;
		};
		353198432434583400AC788B /* Release */ = {
			isa = XCBuildConfiguration;
			buildSettings = {
				ALWAYS_SEARCH_USER_PATHS = NO;
				CLANG_ANALYZER_NONNULL = YES;
				CLANG_ANALYZER_NUMBER_OBJECT_CONVERSION = YES_AGGRESSIVE;
				CLANG_CXX_LANGUAGE_STANDARD = "gnu++14";
				CLANG_CXX_LIBRARY = "libc++";
				CLANG_ENABLE_MODULES = YES;
				CLANG_ENABLE_OBJC_ARC = YES;
				CLANG_ENABLE_OBJC_WEAK = YES;
				CLANG_WARN_BLOCK_CAPTURE_AUTORELEASING = YES;
				CLANG_WARN_BOOL_CONVERSION = YES;
				CLANG_WARN_COMMA = YES;
				CLANG_WARN_CONSTANT_CONVERSION = YES;
				CLANG_WARN_DEPRECATED_OBJC_IMPLEMENTATIONS = YES;
				CLANG_WARN_DIRECT_OBJC_ISA_USAGE = YES_ERROR;
				CLANG_WARN_DOCUMENTATION_COMMENTS = YES;
				CLANG_WARN_EMPTY_BODY = YES;
				CLANG_WARN_ENUM_CONVERSION = YES;
				CLANG_WARN_INFINITE_RECURSION = YES;
				CLANG_WARN_INT_CONVERSION = YES;
				CLANG_WARN_NON_LITERAL_NULL_CONVERSION = YES;
				CLANG_WARN_OBJC_IMPLICIT_RETAIN_SELF = YES;
				CLANG_WARN_OBJC_LITERAL_CONVERSION = YES;
				CLANG_WARN_OBJC_ROOT_CLASS = YES_ERROR;
				CLANG_WARN_RANGE_LOOP_ANALYSIS = YES;
				CLANG_WARN_STRICT_PROTOTYPES = YES;
				CLANG_WARN_SUSPICIOUS_MOVE = YES;
				CLANG_WARN_UNGUARDED_AVAILABILITY = YES_AGGRESSIVE;
				CLANG_WARN_UNREACHABLE_CODE = YES;
				CLANG_WARN__DUPLICATE_METHOD_MATCH = YES;
				COPY_PHASE_STRIP = NO;
				DEBUG_INFORMATION_FORMAT = "dwarf-with-dsym";
				ENABLE_NS_ASSERTIONS = NO;
				ENABLE_STRICT_OBJC_MSGSEND = YES;
				GCC_C_LANGUAGE_STANDARD = gnu11;
				GCC_NO_COMMON_BLOCKS = YES;
				GCC_WARN_64_TO_32_BIT_CONVERSION = YES;
				GCC_WARN_ABOUT_RETURN_TYPE = YES_ERROR;
				GCC_WARN_UNDECLARED_SELECTOR = YES;
				GCC_WARN_UNINITIALIZED_AUTOS = YES_AGGRESSIVE;
				GCC_WARN_UNUSED_FUNCTION = YES;
				GCC_WARN_UNUSED_VARIABLE = YES;
				IPHONEOS_DEPLOYMENT_TARGET = 13.2;
				MTL_ENABLE_DEBUG_INFO = NO;
				MTL_FAST_MATH = YES;
				SDKROOT = iphoneos;
				VALIDATE_PRODUCT = YES;
			};
			name = Release;
		};
		353198452434583400AC788B /* Debug */ = {
			isa = XCBuildConfiguration;
			baseConfigurationReference = 10A8C686DDCA87362A449C1C /* Pods-RAC.debug.xcconfig */;
			buildSettings = {
				ASSETCATALOG_COMPILER_APPICON_NAME = AppIcon;
				CODE_SIGN_STYLE = Automatic;
				INFOPLIST_FILE = RAC/Info.plist;
				LD_RUNPATH_SEARCH_PATHS = (
					"$(inherited)",
					"@executable_path/Frameworks",
				);
				PRODUCT_BUNDLE_IDENTIFIER = com.xlsn0w.RAC;
				PRODUCT_NAME = "$(TARGET_NAME)";
				TARGETED_DEVICE_FAMILY = "1,2";
			};
			name = Debug;
		};
		353198462434583400AC788B /* Release */ = {
			isa = XCBuildConfiguration;
			baseConfigurationReference = 9051950455570CBBA25C43C6 /* Pods-RAC.release.xcconfig */;
			buildSettings = {
				ASSETCATALOG_COMPILER_APPICON_NAME = AppIcon;
				CODE_SIGN_STYLE = Automatic;
				INFOPLIST_FILE = RAC/Info.plist;
				LD_RUNPATH_SEARCH_PATHS = (
					"$(inherited)",
					"@executable_path/Frameworks",
				);
				PRODUCT_BUNDLE_IDENTIFIER = com.xlsn0w.RAC;
				PRODUCT_NAME = "$(TARGET_NAME)";
				TARGETED_DEVICE_FAMILY = "1,2";
			};
			name = Release;
		};
		353198482434583400AC788B /* Debug */ = {
			isa = XCBuildConfiguration;
			buildSettings = {
				BUNDLE_LOADER = "$(TEST_HOST)";
				CODE_SIGN_STYLE = Automatic;
				INFOPLIST_FILE = RACTests/Info.plist;
				IPHONEOS_DEPLOYMENT_TARGET = 13.2;
				LD_RUNPATH_SEARCH_PATHS = (
					"$(inherited)",
					"@executable_path/Frameworks",
					"@loader_path/Frameworks",
				);
				PRODUCT_BUNDLE_IDENTIFIER = com.xlsn0w.RACTests;
				PRODUCT_NAME = "$(TARGET_NAME)";
				TARGETED_DEVICE_FAMILY = "1,2";
				TEST_HOST = "$(BUILT_PRODUCTS_DIR)/RAC.app/RAC";
			};
			name = Debug;
		};
		353198492434583400AC788B /* Release */ = {
			isa = XCBuildConfiguration;
			buildSettings = {
				BUNDLE_LOADER = "$(TEST_HOST)";
				CODE_SIGN_STYLE = Automatic;
				INFOPLIST_FILE = RACTests/Info.plist;
				IPHONEOS_DEPLOYMENT_TARGET = 13.2;
				LD_RUNPATH_SEARCH_PATHS = (
					"$(inherited)",
					"@executable_path/Frameworks",
					"@loader_path/Frameworks",
				);
				PRODUCT_BUNDLE_IDENTIFIER = com.xlsn0w.RACTests;
				PRODUCT_NAME = "$(TARGET_NAME)";
				TARGETED_DEVICE_FAMILY = "1,2";
				TEST_HOST = "$(BUILT_PRODUCTS_DIR)/RAC.app/RAC";
			};
			name = Release;
		};
		3531984B2434583400AC788B /* Debug */ = {
			isa = XCBuildConfiguration;
			buildSettings = {
				CODE_SIGN_STYLE = Automatic;
				INFOPLIST_FILE = RACUITests/Info.plist;
				LD_RUNPATH_SEARCH_PATHS = (
					"$(inherited)",
					"@executable_path/Frameworks",
					"@loader_path/Frameworks",
				);
				PRODUCT_BUNDLE_IDENTIFIER = com.xlsn0w.RACUITests;
				PRODUCT_NAME = "$(TARGET_NAME)";
				TARGETED_DEVICE_FAMILY = "1,2";
				TEST_TARGET_NAME = RAC;
			};
			name = Debug;
		};
		3531984C2434583400AC788B /* Release */ = {
			isa = XCBuildConfiguration;
			buildSettings = {
				CODE_SIGN_STYLE = Automatic;
				INFOPLIST_FILE = RACUITests/Info.plist;
				LD_RUNPATH_SEARCH_PATHS = (
					"$(inherited)",
					"@executable_path/Frameworks",
					"@loader_path/Frameworks",
				);
				PRODUCT_BUNDLE_IDENTIFIER = com.xlsn0w.RACUITests;
				PRODUCT_NAME = "$(TARGET_NAME)";
				TARGETED_DEVICE_FAMILY = "1,2";
				TEST_TARGET_NAME = RAC;
			};
			name = Release;
		};
/* End XCBuildConfiguration section */

/* Begin XCConfigurationList section */
		353198102434583200AC788B /* Build configuration list for PBXProject "RAC" */ = {
			isa = XCConfigurationList;
			buildConfigurations = (
				353198422434583400AC788B /* Debug */,
				353198432434583400AC788B /* Release */,
			);
			defaultConfigurationIsVisible = 0;
			defaultConfigurationName = Release;
		};
		353198442434583400AC788B /* Build configuration list for PBXNativeTarget "RAC" */ = {
			isa = XCConfigurationList;
			buildConfigurations = (
				353198452434583400AC788B /* Debug */,
				353198462434583400AC788B /* Release */,
			);
			defaultConfigurationIsVisible = 0;
			defaultConfigurationName = Release;
		};
		353198472434583400AC788B /* Build configuration list for PBXNativeTarget "RACTests" */ = {
			isa = XCConfigurationList;
			buildConfigurations = (
				353198482434583400AC788B /* Debug */,
				353198492434583400AC788B /* Release */,
			);
			defaultConfigurationIsVisible = 0;
			defaultConfigurationName = Release;
		};
		3531984A2434583400AC788B /* Build configuration list for PBXNativeTarget "RACUITests" */ = {
			isa = XCConfigurationList;
			buildConfigurations = (
				3531984B2434583400AC788B /* Debug */,
				3531984C2434583400AC788B /* Release */,
			);
			defaultConfigurationIsVisible = 0;
			defaultConfigurationName = Release;
		};
/* End XCConfigurationList section */
	};
	rootObject = 3531980D2434583200AC788B /* Project object */;
}
